version: 6
environments:
  default:
    channels:
    - url: https://conda.anaconda.org/bioconda/
    - url: https://conda.anaconda.org/conda-forge/
    packages:
      linux-64:
      - conda: https://conda.anaconda.org/conda-forge/linux-64/_libgcc_mutex-0.1-conda_forge.tar.bz2
      - conda: https://conda.anaconda.org/conda-forge/linux-64/_openmp_mutex-4.5-2_gnu.tar.bz2
      - conda: https://conda.anaconda.org/conda-forge/linux-64/alsa-lib-1.2.3.2-h166bdaf_0.tar.bz2
      - conda: https://conda.anaconda.org/conda-forge/linux-64/bzip2-1.0.8-h4bc722e_7.conda
      - conda: https://conda.anaconda.org/bioconda/linux-64/c-ares-1.11.0-h470a237_1.tar.bz2
      - conda: https://conda.anaconda.org/conda-forge/linux-64/ca-certificates-2025.1.31-hbcca054_0.conda
      - conda: https://conda.anaconda.org/conda-forge/linux-64/cairo-1.16.0-h6cf1ce9_1008.tar.bz2
      - conda: https://conda.anaconda.org/bioconda/linux-64/coreutils-8.25-1.tar.bz2
      - conda: https://conda.anaconda.org/conda-forge/linux-64/curl-7.71.1-he644dc0_8.tar.bz2
      - conda: https://conda.anaconda.org/conda-forge/linux-64/expat-2.6.4-h5888daf_0.conda
      - conda: https://conda.anaconda.org/conda-forge/linux-64/fontconfig-2.14.2-h14ed4e7_0.conda
      - conda: https://conda.anaconda.org/conda-forge/linux-64/freetype-2.12.1-h267a509_2.conda
      - conda: https://conda.anaconda.org/conda-forge/linux-64/gh-2.69.0-h76a2195_0.conda
      - conda: https://conda.anaconda.org/conda-forge/linux-64/giflib-5.2.2-hd590300_0.conda
      - conda: https://conda.anaconda.org/conda-forge/linux-64/graphite2-1.3.13-h59595ed_1003.conda
      - conda: https://conda.anaconda.org/conda-forge/linux-64/harfbuzz-2.9.1-h83ec7ef_1.tar.bz2
      - conda: https://conda.anaconda.org/conda-forge/linux-64/icu-68.2-h9c3ff4c_0.tar.bz2
      - conda: https://conda.anaconda.org/conda-forge/linux-64/jpeg-9e-h0b41bf4_3.conda
      - conda: https://conda.anaconda.org/conda-forge/linux-64/krb5-1.17.2-h926e7f8_0.tar.bz2
      - conda: https://conda.anaconda.org/conda-forge/linux-64/lcms2-2.12-hddcbb42_0.tar.bz2
      - conda: https://conda.anaconda.org/conda-forge/linux-64/libcurl-7.71.1-hcdd3856_8.tar.bz2
      - conda: https://conda.anaconda.org/conda-forge/linux-64/libedit-3.1.20250104-pl5321h7949ede_0.conda
      - conda: https://conda.anaconda.org/conda-forge/linux-64/libev-4.33-hd590300_2.conda
      - conda: https://conda.anaconda.org/conda-forge/linux-64/libexpat-2.6.4-h5888daf_0.conda
      - conda: https://conda.anaconda.org/conda-forge/linux-64/libffi-3.4.6-h2dba641_0.conda
      - conda: https://conda.anaconda.org/conda-forge/linux-64/libgcc-14.2.0-h77fa898_1.conda
      - conda: https://conda.anaconda.org/conda-forge/linux-64/libgcc-ng-14.2.0-h69a702a_1.conda
      - conda: https://conda.anaconda.org/conda-forge/linux-64/libglib-2.80.2-hf974151_0.conda
      - conda: https://conda.anaconda.org/conda-forge/linux-64/libgomp-14.2.0-h77fa898_1.conda
      - conda: https://conda.anaconda.org/conda-forge/linux-64/libiconv-1.18-h4ce23a2_0.conda
      - conda: https://conda.anaconda.org/conda-forge/linux-64/liblzma-5.6.4-hb9d3cd8_0.conda
      - conda: https://conda.anaconda.org/conda-forge/linux-64/liblzma-devel-5.6.4-hb9d3cd8_0.conda
      - conda: https://conda.anaconda.org/conda-forge/linux-64/libnghttp2-1.41.0-hab1572f_1.tar.bz2
      - conda: https://conda.anaconda.org/conda-forge/linux-64/libpng-1.6.43-h2797004_0.conda
      - conda: https://conda.anaconda.org/conda-forge/linux-64/libssh2-1.10.0-haa6b8db_3.tar.bz2
      - conda: https://conda.anaconda.org/conda-forge/linux-64/libstdcxx-14.2.0-hc0a3c3a_1.conda
      - conda: https://conda.anaconda.org/conda-forge/linux-64/libstdcxx-ng-14.2.0-h4852527_1.conda
      - conda: https://conda.anaconda.org/conda-forge/linux-64/libtiff-4.2.0-hf544144_3.tar.bz2
      - conda: https://conda.anaconda.org/conda-forge/linux-64/libuuid-2.38.1-h0b41bf4_0.conda
      - conda: https://conda.anaconda.org/conda-forge/linux-64/libwebp-base-1.5.0-h851e524_0.conda
      - conda: https://conda.anaconda.org/conda-forge/linux-64/libxcb-1.17.0-h8a09558_0.conda
      - conda: https://conda.anaconda.org/conda-forge/linux-64/libzlib-1.2.13-h4ab18f5_6.conda
      - conda: https://conda.anaconda.org/conda-forge/linux-64/ncurses-6.5-h2d0b736_3.conda
      - conda: https://conda.anaconda.org/bioconda/noarch/nextflow-24.10.5-hdfd78af_0.tar.bz2
      - conda: https://conda.anaconda.org/conda-forge/linux-64/openjdk-11.0.9.1-h5cc2fde_1.tar.bz2
      - conda: https://conda.anaconda.org/conda-forge/linux-64/openssl-1.1.1w-hd590300_0.conda
      - conda: https://conda.anaconda.org/conda-forge/linux-64/pcre2-10.43-hcad00b1_0.conda
      - conda: https://conda.anaconda.org/conda-forge/linux-64/pixman-0.44.2-h29eaf8c_0.conda
      - conda: https://conda.anaconda.org/conda-forge/linux-64/pthread-stubs-0.4-hb9d3cd8_1002.conda
      - conda: https://conda.anaconda.org/conda-forge/linux-64/tk-8.6.13-noxft_h4845f30_101.conda
      - conda: https://conda.anaconda.org/conda-forge/linux-64/xorg-libice-1.1.2-hb9d3cd8_0.conda
      - conda: https://conda.anaconda.org/conda-forge/linux-64/xorg-libsm-1.2.5-he73a12e_0.conda
      - conda: https://conda.anaconda.org/conda-forge/linux-64/xorg-libx11-1.8.11-h4f16b4b_0.conda
      - conda: https://conda.anaconda.org/conda-forge/linux-64/xorg-libxau-1.0.12-hb9d3cd8_0.conda
      - conda: https://conda.anaconda.org/conda-forge/linux-64/xorg-libxdmcp-1.1.5-hb9d3cd8_0.conda
      - conda: https://conda.anaconda.org/conda-forge/linux-64/xorg-libxext-1.3.6-hb9d3cd8_0.conda
      - conda: https://conda.anaconda.org/conda-forge/linux-64/xorg-libxfixes-6.0.1-hb9d3cd8_0.conda
      - conda: https://conda.anaconda.org/conda-forge/linux-64/xorg-libxi-1.8.2-hb9d3cd8_0.conda
      - conda: https://conda.anaconda.org/conda-forge/linux-64/xorg-libxrender-0.9.12-hb9d3cd8_0.conda
      - conda: https://conda.anaconda.org/conda-forge/linux-64/xorg-libxtst-1.2.5-hb9d3cd8_3.conda
      - conda: https://conda.anaconda.org/conda-forge/linux-64/xz-5.6.4-hbcc6ac9_0.conda
      - conda: https://conda.anaconda.org/conda-forge/linux-64/xz-gpl-tools-5.6.4-hbcc6ac9_0.conda
      - conda: https://conda.anaconda.org/conda-forge/linux-64/xz-tools-5.6.4-hb9d3cd8_0.conda
      - conda: https://conda.anaconda.org/conda-forge/linux-64/zlib-1.2.13-h4ab18f5_6.conda
      - conda: https://conda.anaconda.org/conda-forge/linux-64/zstd-1.5.6-ha6fb4c9_0.conda
      osx-arm64:
      - conda: https://conda.anaconda.org/conda-forge/osx-arm64/c-ares-1.34.4-h5505292_0.conda
      - conda: https://conda.anaconda.org/conda-forge/osx-arm64/ca-certificates-2025.1.31-hf0a4a13_0.conda
      - conda: https://conda.anaconda.org/conda-forge/osx-arm64/coreutils-9.5-h93a5062_0.conda
      - conda: https://conda.anaconda.org/conda-forge/osx-arm64/curl-8.12.1-h73640d1_0.conda
      - conda: https://conda.anaconda.org/conda-forge/osx-arm64/gh-2.69.0-hd02bf31_0.conda
      - conda: https://conda.anaconda.org/conda-forge/osx-arm64/krb5-1.21.3-h237132a_0.conda
      - conda: https://conda.anaconda.org/conda-forge/osx-arm64/libcurl-8.12.1-h73640d1_0.conda
      - conda: https://conda.anaconda.org/conda-forge/osx-arm64/libcxx-19.1.7-ha82da77_0.conda
      - conda: https://conda.anaconda.org/conda-forge/osx-arm64/libedit-3.1.20250104-pl5321hafb1f1b_0.conda
      - conda: https://conda.anaconda.org/conda-forge/osx-arm64/libev-4.33-h93a5062_2.conda
      - conda: https://conda.anaconda.org/conda-forge/osx-arm64/libnghttp2-1.64.0-h6d7220d_0.conda
      - conda: https://conda.anaconda.org/conda-forge/osx-arm64/libssh2-1.11.1-h9cc3647_0.conda
      - conda: https://conda.anaconda.org/conda-forge/osx-arm64/libzlib-1.3.1-h8359307_2.conda
      - conda: https://conda.anaconda.org/conda-forge/osx-arm64/ncurses-6.5-h5e97a16_3.conda
      - conda: https://conda.anaconda.org/bioconda/noarch/nextflow-24.10.5-hdfd78af_0.tar.bz2
      - conda: https://conda.anaconda.org/conda-forge/osx-arm64/openjdk-21.0.0-hed44d8b_0.conda
      - conda: https://conda.anaconda.org/conda-forge/osx-arm64/openssl-3.4.1-h81ee809_0.conda
      - conda: https://conda.anaconda.org/conda-forge/osx-arm64/zstd-1.5.6-hb46c0d2_0.conda
packages:
- conda: https://conda.anaconda.org/conda-forge/linux-64/_libgcc_mutex-0.1-conda_forge.tar.bz2
  sha256: fe51de6107f9edc7aa4f786a70f4a883943bc9d39b3bb7307c04c41410990726
  md5: d7c89558ba9fa0495403155b64376d81
  license: None
  size: 2562
  timestamp: 1578324546067
- conda: https://conda.anaconda.org/conda-forge/linux-64/_openmp_mutex-4.5-2_gnu.tar.bz2
  build_number: 16
  sha256: fbe2c5e56a653bebb982eda4876a9178aedfc2b545f25d0ce9c4c0b508253d22
  md5: 73aaf86a425cc6e73fcf236a5a46396d
  depends:
  - _libgcc_mutex 0.1 conda_forge
  - libgomp >=7.5.0
  constrains:
  - openmp_impl 9999
  license: BSD-3-Clause
  license_family: BSD
  size: 23621
  timestamp: 1650670423406
- conda: https://conda.anaconda.org/conda-forge/linux-64/alsa-lib-1.2.3.2-h166bdaf_0.tar.bz2
  sha256: 9bf4cf7e39f63a02a8fa0498acc210d206ccbdb0546c76dcfc4cc3455d0ac3da
  md5: b7607b7b62dce55c194ad84f99464e5f
  depends:
  - libgcc-ng >=10.3.0
  license: LGPL-2.1-or-later
  license_family: GPL
  size: 567040
  timestamp: 1651510812614
- conda: https://conda.anaconda.org/conda-forge/linux-64/bzip2-1.0.8-h4bc722e_7.conda
  sha256: 5ced96500d945fb286c9c838e54fa759aa04a7129c59800f0846b4335cee770d
  md5: 62ee74e96c5ebb0af99386de58cf9553
  depends:
  - __glibc >=2.17,<3.0.a0
  - libgcc-ng >=12
  license: bzip2-1.0.6
  license_family: BSD
  size: 252783
  timestamp: 1720974456583
- conda: https://conda.anaconda.org/bioconda/linux-64/c-ares-1.11.0-h470a237_1.tar.bz2
  sha256: b56a4de91674ede433104447663e9a40553f654dc576e8dc1734aae66db28b10
  md5: cd621a5a302e401429e1ba2157082bb6
  depends:
  - libgcc-ng >=4.9
  license: MIT
  size: 89270
  timestamp: 1530469862453
- conda: https://conda.anaconda.org/conda-forge/osx-arm64/c-ares-1.34.4-h5505292_0.conda
  sha256: 09c0c8476e50b2955f474a4a1c17c4c047dd52993b5366b6ea8e968e583b921f
  md5: c1c999a38a4303b29d75c636eaa13cf9
  depends:
  - __osx >=11.0
  license: MIT
  license_family: MIT
  size: 179496
  timestamp: 1734208291879
- conda: https://conda.anaconda.org/conda-forge/linux-64/ca-certificates-2025.1.31-hbcca054_0.conda
  sha256: bf832198976d559ab44d6cdb315642655547e26d826e34da67cbee6624cda189
  md5: 19f3a56f68d2fd06c516076bff482c52
  license: ISC
  size: 158144
  timestamp: 1738298224464
- conda: https://conda.anaconda.org/conda-forge/osx-arm64/ca-certificates-2025.1.31-hf0a4a13_0.conda
  sha256: 7e12816618173fe70f5c638b72adf4bfd4ddabf27794369bb17871c5bb75b9f9
  md5: 3569d6a9141adc64d2fe4797f3289e06
  license: ISC
  size: 158425
  timestamp: 1738298167688
- conda: https://conda.anaconda.org/conda-forge/linux-64/cairo-1.16.0-h6cf1ce9_1008.tar.bz2
  sha256: f740f111868c26a5ba316955bf6dfab9dc338b2141b1b40095e0986399d2e31f
  md5: a43fb47d15e116f8be4be7e6b17ab59f
  depends:
  - fontconfig >=2.13.1,<3.0a0
  - freetype >=2.10.4,<3.0a0
  - icu >=68.1,<69.0a0
  - libgcc-ng >=9.3.0
  - libglib >=2.68.0,<3.0a0
  - libpng >=1.6.37,<1.7.0a0
  - libxcb
  - pixman >=0.40.0,<1.0a0
  - xorg-libice
  - xorg-libsm
  - xorg-libx11
  - xorg-libxext
  - xorg-libxrender
  - zlib >=1.2.11,<1.3.0a0
  license: LGPL 2.1 or MPL 1.1
  size: 1552607
  timestamp: 1616504789
- conda: https://conda.anaconda.org/bioconda/linux-64/coreutils-8.25-1.tar.bz2
  sha256: 100ae56385da5632b7e876dbc868d95a31454ac3b2ff0d76ee81e99d1fe5df15
  md5: dd7804252590d3167bdad0a125d09de0
  depends:
  - libgcc
  license: GPL
  size: 9581071
- conda: https://conda.anaconda.org/conda-forge/osx-arm64/coreutils-9.5-h93a5062_0.conda
  sha256: 70e50f2f1458e7c172c9b1c149a4289e8eecc9b53e06ab9de0b3572cdbd30a61
  md5: 75840e25e62a109b1d25043c63a4f36c
  license: GPL-3.0-or-later
  license_family: GPL
  size: 1478098
  timestamp: 1711655465375
- conda: https://conda.anaconda.org/conda-forge/linux-64/curl-7.71.1-he644dc0_8.tar.bz2
  sha256: 11c818304bc481cef8b17f716e7d3b6063b7baedb6de6aa408c06c66ef99c971
  md5: 7fadfa44182e1cc0dbbe0c169c0b15cc
  depends:
  - krb5 >=1.17.1,<1.18.0a0
  - libcurl 7.71.1 hcdd3856_8
  - libgcc-ng >=7.5.0
  - libssh2 >=1.9.0,<2.0a0
  - zlib >=1.2.11,<1.3.0a0
  license: curl
  license_family: MIT
  size: 142318
  timestamp: 1601416398312
- conda: https://conda.anaconda.org/conda-forge/osx-arm64/curl-8.12.1-h73640d1_0.conda
  sha256: 47e98a701e83589fbf7e5b990930bf275f840ab49f43c1212346f8c165f52f7c
  md5: 37ac6893d6e5c964a96ab239ebe09b12
  depends:
  - __osx >=11.0
  - krb5 >=1.21.3,<1.22.0a0
  - libcurl 8.12.1 h73640d1_0
  - libssh2 >=1.11.1,<2.0a0
  - libzlib >=1.3.1,<2.0a0
  - openssl >=3.4.1,<4.0a0
  - zstd >=1.5.6,<1.6.0a0
  license: curl
  license_family: MIT
  size: 161166
  timestamp: 1739512584817
- conda: https://conda.anaconda.org/conda-forge/linux-64/expat-2.6.4-h5888daf_0.conda
  sha256: 1848c7db9e264e3b8036ee133d570dd880422983cd20dd9585a505289606d276
  md5: 1d6afef758879ef5ee78127eb4cd2c4a
  depends:
  - __glibc >=2.17,<3.0.a0
  - libexpat 2.6.4 h5888daf_0
  - libgcc >=13
  license: MIT
  license_family: MIT
  size: 138145
  timestamp: 1730967050578
- conda: https://conda.anaconda.org/conda-forge/linux-64/fontconfig-2.14.2-h14ed4e7_0.conda
  sha256: 155d534c9037347ea7439a2c6da7c24ffec8e5dd278889b4c57274a1d91e0a83
  md5: 0f69b688f52ff6da70bccb7ff7001d1d
  depends:
  - expat >=2.5.0,<3.0a0
  - freetype >=2.12.1,<3.0a0
  - libgcc-ng >=12
  - libuuid >=2.32.1,<3.0a0
  - libzlib >=1.2.13,<2.0.0a0
  license: MIT
  license_family: MIT
  size: 272010
  timestamp: 1674828850194
- conda: https://conda.anaconda.org/conda-forge/linux-64/freetype-2.12.1-h267a509_2.conda
  sha256: b2e3c449ec9d907dd4656cb0dc93e140f447175b125a3824b31368b06c666bb6
  md5: 9ae35c3d96db2c94ce0cef86efdfa2cb
  depends:
  - libgcc-ng >=12
  - libpng >=1.6.39,<1.7.0a0
  - libzlib >=1.2.13,<2.0.0a0
  license: GPL-2.0-only OR FTL
  size: 634972
  timestamp: 1694615932610
- conda: https://conda.anaconda.org/conda-forge/linux-64/gh-2.69.0-h76a2195_0.conda
  sha256: 769c6bf1cfe7674324fc11a07674e1fb45ac05c4eb1fed2e71c2f81e3a55c56e
  md5: 60d0aa145cbb603ee390da28f976aae5
  depends:
  - __glibc >=2.17,<3.0.a0
  license: Apache-2.0
  license_family: APACHE
  size: 21975503
  timestamp: 1742479679191
- conda: https://conda.anaconda.org/conda-forge/osx-arm64/gh-2.69.0-hd02bf31_0.conda
  sha256: bdc3ef795aa00163b99516392dc8cfe95e962c33690b9da5fbfa5f1fb7959eff
  md5: a3405cfdcb0f3825d5c9b504c1d07610
  depends:
  - __osx >=11.0
  license: Apache-2.0
  license_family: APACHE
  size: 20601108
  timestamp: 1742479769673
- conda: https://conda.anaconda.org/conda-forge/linux-64/giflib-5.2.2-hd590300_0.conda
  sha256: aac402a8298f0c0cc528664249170372ef6b37ac39fdc92b40601a6aed1e32ff
  md5: 3bf7b9fd5a7136126e0234db4b87c8b6
  depends:
  - libgcc-ng >=12
  license: MIT
  license_family: MIT
  size: 77248
  timestamp: 1712692454246
- conda: https://conda.anaconda.org/conda-forge/linux-64/graphite2-1.3.13-h59595ed_1003.conda
  sha256: 0595b009f20f8f60f13a6398e7cdcbd2acea5f986633adcf85f5a2283c992add
  md5: f87c7b7c2cb45f323ffbce941c78ab7c
  depends:
  - libgcc-ng >=12
  - libstdcxx-ng >=12
  license: LGPL-2.0-or-later
  license_family: LGPL
  size: 96855
  timestamp: 1711634169756
- conda: https://conda.anaconda.org/conda-forge/linux-64/harfbuzz-2.9.1-h83ec7ef_1.tar.bz2
  sha256: bd15c23e782e26f8ccbd32252155600f2e9019d9937ff08098b2ca232c48b84a
  md5: 9a9e823b2e31e84e5ce06f54ffce9d70
  depends:
  - cairo >=1.16.0,<2.0.0a0
  - freetype >=2.10.4,<3.0a0
  - graphite2
  - icu >=68.1,<69.0a0
  - libgcc-ng >=9.4.0
  - libglib >=2.68.4,<3.0a0
  - libstdcxx-ng >=9.4.0
  license: MIT
  license_family: MIT
  size: 2124097
  timestamp: 1633009167151
- conda: https://conda.anaconda.org/conda-forge/linux-64/icu-68.2-h9c3ff4c_0.tar.bz2
  sha256: 8b39b408cc8b1450454ac8bb7bf7b56ca8b787fbfc26c767a21d5df57dffeab7
  md5: 6618c9b191638993f2a818c6529e1b49
  depends:
  - libgcc-ng >=9.4.0
  - libstdcxx-ng >=9.4.0
  license: MIT
  license_family: MIT
  size: 13771169
  timestamp: 1635409367840
- conda: https://conda.anaconda.org/conda-forge/linux-64/jpeg-9e-h0b41bf4_3.conda
  sha256: 8f73194d09c9ea4a7e2b3562766b8d72125cc147b62c7cf83393e3a3bbfd581b
  md5: c7a069243e1fbe9a556ed2ec030e6407
  depends:
  - libgcc-ng >=12
  constrains:
  - libjpeg-turbo <0.0.0a
  license: IJG
  size: 240359
  timestamp: 1676177310738
- conda: https://conda.anaconda.org/conda-forge/linux-64/krb5-1.17.2-h926e7f8_0.tar.bz2
  sha256: abc0215ea012b0e55d5fac452901fec4073e067452620cba8d8c684330b4eaee
  md5: 926325c11478d6e781e76072c117763b
  depends:
  - libedit >=3.1.20191231,<3.2.0a0
  - libedit >=3.1.20191231,<4.0a0
  - libgcc-ng >=7.5.0
  - libstdcxx-ng >=7.5.0
  - openssl >=1.1.1h,<1.1.2a
  - tk >=8.6.10,<8.7.0a0
  license: MIT
  license_family: MIT
  size: 1506662
  timestamp: 1605658487229
- conda: https://conda.anaconda.org/conda-forge/osx-arm64/krb5-1.21.3-h237132a_0.conda
  sha256: 4442f957c3c77d69d9da3521268cad5d54c9033f1a73f99cde0a3658937b159b
  md5: c6dc8a0fdec13a0565936655c33069a1
  depends:
  - __osx >=11.0
  - libcxx >=16
  - libedit >=3.1.20191231,<3.2.0a0
  - libedit >=3.1.20191231,<4.0a0
  - openssl >=3.3.1,<4.0a0
  license: MIT
  license_family: MIT
  size: 1155530
  timestamp: 1719463474401
- conda: https://conda.anaconda.org/conda-forge/linux-64/lcms2-2.12-hddcbb42_0.tar.bz2
  sha256: 5b3c77a84b1dbfa53932dee830f35a42cfc5541e23ca0626f8058b04dcf518d1
  md5: 797117394a4aa588de6d741b06fad80f
  depends:
  - jpeg >=9d,<10a
  - libgcc-ng >=9.3.0
  - libtiff >=4.2.0,<4.5.0a0
  license: MIT
  license_family: MIT
  size: 453156
  timestamp: 1612644479622
- conda: https://conda.anaconda.org/conda-forge/linux-64/libcurl-7.71.1-hcdd3856_8.tar.bz2
  sha256: b99f1b7c90bba10f971ccfc0f358aa22c39bdf5ba36af6db0e0511566c17cda0
  md5: 2c81fb9f0d82c04b08617fc73eb615af
  depends:
  - krb5 >=1.17.1,<1.18.0a0
  - libgcc-ng >=7.5.0
  - libnghttp2 >=1.41.0,<2.0a0
  - libssh2 >=1.9.0,<2.0a0
  - openssl >=1.1.1h,<1.1.2a
  - zlib >=1.2.11,<1.3.0a0
  license: curl
  license_family: MIT
  size: 319720
  timestamp: 1601416372160
- conda: https://conda.anaconda.org/conda-forge/osx-arm64/libcurl-8.12.1-h73640d1_0.conda
  sha256: 0bddd1791eb0602c8c6aa465802e9d4526d3ec1251d900b209e767753565d5df
  md5: 105f0cceef753644912f42e11c1ae9cf
  depends:
  - __osx >=11.0
  - krb5 >=1.21.3,<1.22.0a0
  - libnghttp2 >=1.64.0,<2.0a0
  - libssh2 >=1.11.1,<2.0a0
  - libzlib >=1.3.1,<2.0a0
  - openssl >=3.4.1,<4.0a0
  - zstd >=1.5.6,<1.6.0a0
  license: curl
  license_family: MIT
  size: 387893
  timestamp: 1739512564746
- conda: https://conda.anaconda.org/conda-forge/osx-arm64/libcxx-19.1.7-ha82da77_0.conda
  sha256: 776092346da87a2a23502e14d91eb0c32699c4a1522b7331537bd1c3751dcff5
  md5: 5b3e1610ff8bd5443476b91d618f5b77
  depends:
  - __osx >=11.0
  license: Apache-2.0 WITH LLVM-exception
  license_family: Apache
  size: 523505
  timestamp: 1736877862502
- conda: https://conda.anaconda.org/conda-forge/linux-64/libedit-3.1.20250104-pl5321h7949ede_0.conda
  sha256: d789471216e7aba3c184cd054ed61ce3f6dac6f87a50ec69291b9297f8c18724
  md5: c277e0a4d549b03ac1e9d6cbbe3d017b
  depends:
  - ncurses
  - __glibc >=2.17,<3.0.a0
  - libgcc >=13
  - ncurses >=6.5,<7.0a0
  license: BSD-2-Clause
  license_family: BSD
  size: 134676
  timestamp: 1738479519902
- conda: https://conda.anaconda.org/conda-forge/osx-arm64/libedit-3.1.20250104-pl5321hafb1f1b_0.conda
  sha256: 66aa216a403de0bb0c1340a88d1a06adaff66bae2cfd196731aa24db9859d631
  md5: 44083d2d2c2025afca315c7a172eab2b
  depends:
  - ncurses
  - __osx >=11.0
  - ncurses >=6.5,<7.0a0
  license: BSD-2-Clause
  license_family: BSD
  size: 107691
  timestamp: 1738479560845
- conda: https://conda.anaconda.org/conda-forge/linux-64/libev-4.33-hd590300_2.conda
  sha256: 1cd6048169fa0395af74ed5d8f1716e22c19a81a8a36f934c110ca3ad4dd27b4
  md5: 172bf1cd1ff8629f2b1179945ed45055
  depends:
  - libgcc-ng >=12
  license: BSD-2-Clause
  license_family: BSD
  size: 112766
  timestamp: 1702146165126
- conda: https://conda.anaconda.org/conda-forge/osx-arm64/libev-4.33-h93a5062_2.conda
  sha256: 95cecb3902fbe0399c3a7e67a5bed1db813e5ab0e22f4023a5e0f722f2cc214f
  md5: 36d33e440c31857372a72137f78bacf5
  license: BSD-2-Clause
  license_family: BSD
  size: 107458
  timestamp: 1702146414478
- conda: https://conda.anaconda.org/conda-forge/linux-64/libexpat-2.6.4-h5888daf_0.conda
  sha256: 56541b98447b58e52d824bd59d6382d609e11de1f8adf20b23143e353d2b8d26
  md5: db833e03127376d461e1e13e76f09b6c
  depends:
  - __glibc >=2.17,<3.0.a0
  - libgcc >=13
  constrains:
  - expat 2.6.4.*
  license: MIT
  license_family: MIT
  size: 73304
  timestamp: 1730967041968
- conda: https://conda.anaconda.org/conda-forge/linux-64/libffi-3.4.6-h2dba641_0.conda
  sha256: 67a6c95e33ebc763c1adc3455b9a9ecde901850eb2fceb8e646cc05ef3a663da
  md5: e3eb7806380bc8bcecba6d749ad5f026
  depends:
  - __glibc >=2.17,<3.0.a0
  - libgcc >=13
  license: MIT
  license_family: MIT
  size: 53415
  timestamp: 1739260413716
- conda: https://conda.anaconda.org/conda-forge/linux-64/libgcc-14.2.0-h77fa898_1.conda
  sha256: 53eb8a79365e58849e7b1a068d31f4f9e718dc938d6f2c03e960345739a03569
  md5: 3cb76c3f10d3bc7f1105b2fc9db984df
  depends:
  - _libgcc_mutex 0.1 conda_forge
  - _openmp_mutex >=4.5
  constrains:
  - libgomp 14.2.0 h77fa898_1
  - libgcc-ng ==14.2.0=*_1
  license: GPL-3.0-only WITH GCC-exception-3.1
  license_family: GPL
  size: 848745
  timestamp: 1729027721139
- conda: https://conda.anaconda.org/conda-forge/linux-64/libgcc-ng-14.2.0-h69a702a_1.conda
  sha256: 3a76969c80e9af8b6e7a55090088bc41da4cffcde9e2c71b17f44d37b7cb87f7
  md5: e39480b9ca41323497b05492a63bc35b
  depends:
  - libgcc 14.2.0 h77fa898_1
  license: GPL-3.0-only WITH GCC-exception-3.1
  license_family: GPL
  size: 54142
  timestamp: 1729027726517
- conda: https://conda.anaconda.org/conda-forge/linux-64/libglib-2.80.2-hf974151_0.conda
  sha256: 93e03b6cf4765bc06d64fa3dac65f22c53ae4a30247bb0e2dea0bd9c47a3fb26
  md5: 72724f6a78ecb15559396966226d5838
  depends:
  - libffi >=3.4,<4.0a0
  - libgcc-ng >=12
  - libiconv >=1.17,<2.0a0
  - libzlib >=1.2.13,<2.0.0a0
  - pcre2 >=10.43,<10.44.0a0
  constrains:
  - glib 2.80.2 *_0
  license: LGPL-2.1-or-later
  size: 3912673
  timestamp: 1715252654366
- conda: https://conda.anaconda.org/conda-forge/linux-64/libgomp-14.2.0-h77fa898_1.conda
  sha256: 1911c29975ec99b6b906904040c855772ccb265a1c79d5d75c8ceec4ed89cd63
  md5: cc3573974587f12dda90d96e3e55a702
  depends:
  - _libgcc_mutex 0.1 conda_forge
  license: GPL-3.0-only WITH GCC-exception-3.1
  license_family: GPL
  size: 460992
  timestamp: 1729027639220
- conda: https://conda.anaconda.org/conda-forge/linux-64/libiconv-1.18-h4ce23a2_0.conda
  sha256: 659a83c0c184a30336ca512d670a7db56bfb5e289caa9ee641e6f78fd2326463
  md5: 0743bcd51fc4e6e0367e0aaf41e9bebc
  depends:
  - __glibc >=2.17,<3.0.a0
  - libgcc >=13
  license: LGPL-2.1-only
  size: 713745
  timestamp: 1739866934640
- conda: https://conda.anaconda.org/conda-forge/linux-64/liblzma-5.6.4-hb9d3cd8_0.conda
  sha256: cad52e10319ca4585bc37f0bc7cce99ec7c15dc9168e42ccb96b741b0a27db3f
  md5: 42d5b6a0f30d3c10cd88cb8584fda1cb
  depends:
  - __glibc >=2.17,<3.0.a0
  - libgcc >=13
  license: 0BSD
  size: 111357
  timestamp: 1738525339684
- conda: https://conda.anaconda.org/conda-forge/linux-64/liblzma-devel-5.6.4-hb9d3cd8_0.conda
  sha256: 34928b36a3946902196a6786db80c8a4a97f6c9418838d67be90a1388479a682
  md5: 5ab1a0df19c8f3ec00d5e63458e0a420
  depends:
  - __glibc >=2.17,<3.0.a0
  - libgcc >=13
  - liblzma 5.6.4 hb9d3cd8_0
  license: 0BSD
  size: 378821
  timestamp: 1738525353119
- conda: https://conda.anaconda.org/conda-forge/linux-64/libnghttp2-1.41.0-hab1572f_1.tar.bz2
  sha256: 3929d6bc06df58d0624da6f09aaaef41153d0f5c5dd60391fb7918bb2ad614ab
  md5: 58bc2ebb4845592a123d67691c2de607
  depends:
  - c-ares >=1.7.5
  - libev >=4.11
  - libgcc-ng >=7.5.0
  - libstdcxx-ng
  - openssl >=1.1.1g,<1.1.2a
  - zlib >=1.2.11,<1.3.0a0
  license: MIT
  license_family: MIT
  size: 726042
  timestamp: 1594890274092
- conda: https://conda.anaconda.org/conda-forge/osx-arm64/libnghttp2-1.64.0-h6d7220d_0.conda
  sha256: 00cc685824f39f51be5233b54e19f45abd60de5d8847f1a56906f8936648b72f
  md5: 3408c02539cee5f1141f9f11450b6a51
  depends:
  - __osx >=11.0
  - c-ares >=1.34.2,<2.0a0
  - libcxx >=17
  - libev >=4.33,<4.34.0a0
  - libev >=4.33,<5.0a0
  - libzlib >=1.3.1,<2.0a0
  - openssl >=3.3.2,<4.0a0
  license: MIT
  license_family: MIT
  size: 566719
  timestamp: 1729572385640
- conda: https://conda.anaconda.org/conda-forge/linux-64/libpng-1.6.43-h2797004_0.conda
  sha256: 502f6ff148ac2777cc55ae4ade01a8fc3543b4ffab25c4e0eaa15f94e90dd997
  md5: 009981dd9cfcaa4dbfa25ffaed86bcae
  depends:
  - libgcc-ng >=12
  - libzlib >=1.2.13,<2.0.0a0
  license: zlib-acknowledgement
  size: 288221
  timestamp: 1708780443939
- conda: https://conda.anaconda.org/conda-forge/linux-64/libssh2-1.10.0-haa6b8db_3.tar.bz2
  sha256: 3c2ed83502bedf4ec8c5b972accb6ff1b6c018f72fb711cdb65cb8540d5ab89e
  md5: 89acee135f0809a18a1f4537390aa2dd
  depends:
  - libgcc-ng >=12
  - libzlib >=1.2.12,<2.0.0a0
  - openssl >=1.1.1q,<1.1.2a
  license: BSD-3-Clause
  license_family: BSD
  size: 239461
  timestamp: 1660346486026
- conda: https://conda.anaconda.org/conda-forge/osx-arm64/libssh2-1.11.1-h9cc3647_0.conda
  sha256: f7047c6ed44bcaeb04432e8c74da87591940d091b0a3940c0d884b7faa8062e9
  md5: ddc7194676c285513706e5fc64f214d7
  depends:
  - libzlib >=1.3.1,<2.0a0
  - openssl >=3.4.0,<4.0a0
  license: BSD-3-Clause
  license_family: BSD
  size: 279028
  timestamp: 1732349599461
- conda: https://conda.anaconda.org/conda-forge/linux-64/libstdcxx-14.2.0-hc0a3c3a_1.conda
  sha256: 4661af0eb9bdcbb5fb33e5d0023b001ad4be828fccdcc56500059d56f9869462
  md5: 234a5554c53625688d51062645337328
  depends:
  - libgcc 14.2.0 h77fa898_1
  license: GPL-3.0-only WITH GCC-exception-3.1
  license_family: GPL
  size: 3893695
  timestamp: 1729027746910
- conda: https://conda.anaconda.org/conda-forge/linux-64/libstdcxx-ng-14.2.0-h4852527_1.conda
  sha256: 25bb30b827d4f6d6f0522cc0579e431695503822f144043b93c50237017fffd8
  md5: 8371ac6457591af2cf6159439c1fd051
  depends:
  - libstdcxx 14.2.0 hc0a3c3a_1
  license: GPL-3.0-only WITH GCC-exception-3.1
  license_family: GPL
  size: 54105
  timestamp: 1729027780628
- conda: https://conda.anaconda.org/conda-forge/linux-64/libtiff-4.2.0-hf544144_3.tar.bz2
  sha256: 9cd90c25aed1059eb6cc3682b5d0484b15fba724e26161d1d26f6769a3ad0bf7
  md5: 53798351da909e181243e17dccee41ad
  depends:
  - jpeg >=9d,<10a
  - libgcc-ng >=9.3.0
  - libstdcxx-ng >=9.3.0
  - libwebp-base
  - xz >=5.2.5,<6.0.0a0
  - zlib >=1.2.11,<1.3.0a0
  - zstd >=1.5.0,<1.6.0a0
  license: HPND
  size: 604589
  timestamp: 1621285655694
- conda: https://conda.anaconda.org/conda-forge/linux-64/libuuid-2.38.1-h0b41bf4_0.conda
  sha256: 787eb542f055a2b3de553614b25f09eefb0a0931b0c87dbcce6efdfd92f04f18
  md5: 40b61aab5c7ba9ff276c41cfffe6b80b
  depends:
  - libgcc-ng >=12
  license: BSD-3-Clause
  license_family: BSD
  size: 33601
  timestamp: 1680112270483
- conda: https://conda.anaconda.org/conda-forge/linux-64/libwebp-base-1.5.0-h851e524_0.conda
  sha256: c45283fd3e90df5f0bd3dbcd31f59cdd2b001d424cf30a07223655413b158eaf
  md5: 63f790534398730f59e1b899c3644d4a
  depends:
  - __glibc >=2.17,<3.0.a0
  - libgcc >=13
  constrains:
  - libwebp 1.5.0
  license: BSD-3-Clause
  license_family: BSD
  size: 429973
  timestamp: 1734777489810
- conda: https://conda.anaconda.org/conda-forge/linux-64/libxcb-1.17.0-h8a09558_0.conda
  sha256: 666c0c431b23c6cec6e492840b176dde533d48b7e6fb8883f5071223433776aa
  md5: 92ed62436b625154323d40d5f2f11dd7
  depends:
  - __glibc >=2.17,<3.0.a0
  - libgcc >=13
  - pthread-stubs
  - xorg-libxau >=1.0.11,<2.0a0
  - xorg-libxdmcp
  license: MIT
  license_family: MIT
  size: 395888
  timestamp: 1727278577118
- conda: https://conda.anaconda.org/conda-forge/linux-64/libzlib-1.2.13-h4ab18f5_6.conda
  sha256: 8ced4afed6322172182af503f21725d072a589a6eb918f8a58135c1e00d35980
  md5: 27329162c0dc732bcf67a4e0cd488125
  depends:
  - libgcc-ng >=12
  constrains:
  - zlib 1.2.13 *_6
  license: Zlib
  license_family: Other
  size: 61571
  timestamp: 1716874066944
- conda: https://conda.anaconda.org/conda-forge/osx-arm64/libzlib-1.3.1-h8359307_2.conda
  sha256: ce34669eadaba351cd54910743e6a2261b67009624dbc7daeeafdef93616711b
  md5: 369964e85dc26bfe78f41399b366c435
  depends:
  - __osx >=11.0
  constrains:
  - zlib 1.3.1 *_2
  license: Zlib
  license_family: Other
  size: 46438
  timestamp: 1727963202283
- conda: https://conda.anaconda.org/conda-forge/linux-64/ncurses-6.5-h2d0b736_3.conda
  sha256: 3fde293232fa3fca98635e1167de6b7c7fda83caf24b9d6c91ec9eefb4f4d586
  md5: 47e340acb35de30501a76c7c799c41d7
  depends:
  - __glibc >=2.17,<3.0.a0
  - libgcc >=13
  license: X11 AND BSD-3-Clause
  size: 891641
  timestamp: 1738195959188
- conda: https://conda.anaconda.org/conda-forge/osx-arm64/ncurses-6.5-h5e97a16_3.conda
  sha256: 2827ada40e8d9ca69a153a45f7fd14f32b2ead7045d3bbb5d10964898fe65733
  md5: 068d497125e4bf8a66bf707254fff5ae
  depends:
  - __osx >=11.0
  license: X11 AND BSD-3-Clause
  size: 797030
  timestamp: 1738196177597
- conda: https://conda.anaconda.org/bioconda/noarch/nextflow-24.10.5-hdfd78af_0.tar.bz2
  sha256: ced885227e39e04154f26a054eeb7ef5a6688560309a6d99ee10715c6aafa6bd
  md5: 1d40930e4c5fb1aa3a06a0c3e72b61a1
  depends:
  - coreutils
  - curl
  - openjdk >=11,<=21
  license: Apache-2.0
  size: 30957507
  timestamp: 1741119644280
- conda: https://conda.anaconda.org/conda-forge/linux-64/openjdk-11.0.9.1-h5cc2fde_1.tar.bz2
  sha256: 979700150a39a84beec49db3f3930961ac742de7d0adebe130bec307d6a47eb3
  md5: 173813c547d6b3652fbf1db24cdc0c1b
  depends:
  - alsa-lib >=1.2.3,<1.2.4.0a0
  - fontconfig >=2.13.1,<3.0a0
  - freetype >=2.10.4,<3.0a0
  - giflib >=5.2.1,<5.3.0a0
  - harfbuzz >=2.8.0,<3.0a0
  - jpeg >=9d,<10a
  - lcms2 >=2.12,<3.0a0
  - libgcc-ng >=9.3.0
  - libpng >=1.6.37,<1.7.0a0
  - libstdcxx-ng >=9.3.0
  - xorg-libx11
  - xorg-libxext
  - xorg-libxi
  - xorg-libxrender
  - xorg-libxtst
  - zlib >=1.2.11,<1.3.0a0
  license: GPL-2.0-or-later WITH Classpath-exception-2.0
  license_family: GPL
  size: 181895563
  timestamp: 1616193379839
- conda: https://conda.anaconda.org/conda-forge/osx-arm64/openjdk-21.0.0-hed44d8b_0.conda
  sha256: 3cf667a5a21570d26118c45ad81dad38c82674c6e26aff7d7f80db4efcb8e609
  md5: b73fd7058be9883b0cf6e413b5d8f6de
  depends:
  - __osx >=10.9
  - libcxx >=16.0.6
  - libzlib >=1.2.13,<2.0.0a0
  license: GPL-2.0-or-later WITH Classpath-exception-2.0
  license_family: GPL
  size: 175039131
  timestamp: 1697167841981
- conda: https://conda.anaconda.org/conda-forge/linux-64/openssl-1.1.1w-hd590300_0.conda
  sha256: 4fe19885c77f0758084feb54954bd1977dfeeab7134fba0a1d9c0cfff821d6bd
  md5: 301e70057a3bd399640bb16bbdf87995
  depends:
  - ca-certificates
  - libgcc-ng >=12
  license: OpenSSL
  license_family: Apache
  size: 1956010
  timestamp: 1694461292959
- conda: https://conda.anaconda.org/conda-forge/osx-arm64/openssl-3.4.1-h81ee809_0.conda
  sha256: 4f8e2389e1b711b44182a075516d02c80fa7a3a7e25a71ff1b5ace9eae57a17a
  md5: 75f9f0c7b1740017e2db83a53ab9a28e
  depends:
  - __osx >=11.0
  - ca-certificates
  license: Apache-2.0
  license_family: Apache
  size: 2934522
  timestamp: 1739301896733
- conda: https://conda.anaconda.org/conda-forge/linux-64/pcre2-10.43-hcad00b1_0.conda
  sha256: 766dd986a7ed6197676c14699000bba2625fd26c8a890fcb7a810e5cf56155bc
  md5: 8292dea9e022d9610a11fce5e0896ed8
  depends:
  - bzip2 >=1.0.8,<2.0a0
  - libgcc-ng >=12
  - libzlib >=1.2.13,<2.0.0a0
  license: BSD-3-Clause
  license_family: BSD
  size: 950847
  timestamp: 1708118050286
- conda: https://conda.anaconda.org/conda-forge/linux-64/pixman-0.44.2-h29eaf8c_0.conda
  sha256: 747c58db800d5583fee78e76240bf89cbaeedf7ab1ef339c2990602332b9c4be
  md5: 5e2a7acfa2c24188af39e7944e1b3604
  depends:
  - __glibc >=2.17,<3.0.a0
  - libgcc >=13
  - libstdcxx >=13
  license: MIT
  license_family: MIT
  size: 381072
  timestamp: 1733698987122
- conda: https://conda.anaconda.org/conda-forge/linux-64/pthread-stubs-0.4-hb9d3cd8_1002.conda
  sha256: 9c88f8c64590e9567c6c80823f0328e58d3b1efb0e1c539c0315ceca764e0973
  md5: b3c17d95b5a10c6e64a21fa17573e70e
  depends:
  - __glibc >=2.17,<3.0.a0
  - libgcc >=13
  license: MIT
  license_family: MIT
  size: 8252
  timestamp: 1726802366959
- conda: https://conda.anaconda.org/conda-forge/linux-64/tk-8.6.13-noxft_h4845f30_101.conda
  sha256: e0569c9caa68bf476bead1bed3d79650bb080b532c64a4af7d8ca286c08dea4e
  md5: d453b98d9c83e71da0741bb0ff4d76bc
  depends:
  - libgcc-ng >=12
  - libzlib >=1.2.13,<2.0.0a0
  license: TCL
  license_family: BSD
  size: 3318875
  timestamp: 1699202167581
- conda: https://conda.anaconda.org/conda-forge/linux-64/xorg-libice-1.1.2-hb9d3cd8_0.conda
  sha256: c12396aabb21244c212e488bbdc4abcdef0b7404b15761d9329f5a4a39113c4b
  md5: fb901ff28063514abb6046c9ec2c4a45
  depends:
  - __glibc >=2.17,<3.0.a0
  - libgcc >=13
  license: MIT
  license_family: MIT
  size: 58628
  timestamp: 1734227592886
- conda: https://conda.anaconda.org/conda-forge/linux-64/xorg-libsm-1.2.5-he73a12e_0.conda
  sha256: 760f43df6c2ce8cbbbcb8f2f3b7fc0f306716c011e28d1d340f3dfa8ccf29185
  md5: 4c3e9fab69804ec6077697922d70c6e2
  depends:
  - __glibc >=2.17,<3.0.a0
  - libgcc >=13
  - libuuid >=2.38.1,<3.0a0
  - xorg-libice >=1.1.2,<2.0a0
  license: MIT
  license_family: MIT
  size: 27198
  timestamp: 1734229639785
- conda: https://conda.anaconda.org/conda-forge/linux-64/xorg-libx11-1.8.11-h4f16b4b_0.conda
  sha256: a0e7fca9e341dc2455b20cd320fc1655e011f7f5f28367ecf8617cccd4bb2821
  md5: b6eb6d0cb323179af168df8fe16fb0a1
  depends:
  - __glibc >=2.17,<3.0.a0
  - libgcc >=13
  - libxcb >=1.17.0,<2.0a0
  license: MIT
  license_family: MIT
  size: 835157
  timestamp: 1738613163812
- conda: https://conda.anaconda.org/conda-forge/linux-64/xorg-libxau-1.0.12-hb9d3cd8_0.conda
  sha256: ed10c9283974d311855ae08a16dfd7e56241fac632aec3b92e3cfe73cff31038
  md5: f6ebe2cb3f82ba6c057dde5d9debe4f7
  depends:
  - __glibc >=2.17,<3.0.a0
  - libgcc >=13
  license: MIT
  license_family: MIT
  size: 14780
  timestamp: 1734229004433
- conda: https://conda.anaconda.org/conda-forge/linux-64/xorg-libxdmcp-1.1.5-hb9d3cd8_0.conda
  sha256: 6b250f3e59db07c2514057944a3ea2044d6a8cdde8a47b6497c254520fade1ee
  md5: 8035c64cb77ed555e3f150b7b3972480
  depends:
  - __glibc >=2.17,<3.0.a0
  - libgcc >=13
  license: MIT
  license_family: MIT
  size: 19901
  timestamp: 1727794976192
- conda: https://conda.anaconda.org/conda-forge/linux-64/xorg-libxext-1.3.6-hb9d3cd8_0.conda
  sha256: da5dc921c017c05f38a38bd75245017463104457b63a1ce633ed41f214159c14
  md5: febbab7d15033c913d53c7a2c102309d
  depends:
  - __glibc >=2.17,<3.0.a0
  - libgcc >=13
  - xorg-libx11 >=1.8.10,<2.0a0
  license: MIT
  license_family: MIT
  size: 50060
  timestamp: 1727752228921
- conda: https://conda.anaconda.org/conda-forge/linux-64/xorg-libxfixes-6.0.1-hb9d3cd8_0.conda
  sha256: 2fef37e660985794617716eb915865ce157004a4d567ed35ec16514960ae9271
  md5: 4bdb303603e9821baf5fe5fdff1dc8f8
  depends:
  - __glibc >=2.17,<3.0.a0
  - libgcc >=13
  - xorg-libx11 >=1.8.10,<2.0a0
  license: MIT
  license_family: MIT
  size: 19575
  timestamp: 1727794961233
- conda: https://conda.anaconda.org/conda-forge/linux-64/xorg-libxi-1.8.2-hb9d3cd8_0.conda
  sha256: 1a724b47d98d7880f26da40e45f01728e7638e6ec69f35a3e11f92acd05f9e7a
  md5: 17dcc85db3c7886650b8908b183d6876
  depends:
  - __glibc >=2.17,<3.0.a0
  - libgcc >=13
  - xorg-libx11 >=1.8.10,<2.0a0
  - xorg-libxext >=1.3.6,<2.0a0
  - xorg-libxfixes >=6.0.1,<7.0a0
  license: MIT
  license_family: MIT
  size: 47179
  timestamp: 1727799254088
- conda: https://conda.anaconda.org/conda-forge/linux-64/xorg-libxrender-0.9.12-hb9d3cd8_0.conda
  sha256: 044c7b3153c224c6cedd4484dd91b389d2d7fd9c776ad0f4a34f099b3389f4a1
  md5: 96d57aba173e878a2089d5638016dc5e
  depends:
  - __glibc >=2.17,<3.0.a0
  - libgcc >=13
  - xorg-libx11 >=1.8.10,<2.0a0
  license: MIT
  license_family: MIT
  size: 33005
  timestamp: 1734229037766
- conda: https://conda.anaconda.org/conda-forge/linux-64/xorg-libxtst-1.2.5-hb9d3cd8_3.conda
  sha256: 752fdaac5d58ed863bbf685bb6f98092fe1a488ea8ebb7ed7b606ccfce08637a
  md5: 7bbe9a0cc0df0ac5f5a8ad6d6a11af2f
  depends:
  - __glibc >=2.17,<3.0.a0
  - libgcc >=13
  - xorg-libx11 >=1.8.10,<2.0a0
  - xorg-libxext >=1.3.6,<2.0a0
  - xorg-libxi >=1.7.10,<2.0a0
  license: MIT
  license_family: MIT
  size: 32808
  timestamp: 1727964811275
- conda: https://conda.anaconda.org/conda-forge/linux-64/xz-5.6.4-hbcc6ac9_0.conda
  sha256: 91fc251034fa5199919680aa50299296d89da54b2d066fb6e6a60461c17c0c4a
  md5: bb511c87804cf7220246a3a6efc45c22
  depends:
  - __glibc >=2.17,<3.0.a0
  - libgcc >=13
  - liblzma 5.6.4 hb9d3cd8_0
  - liblzma-devel 5.6.4 hb9d3cd8_0
  - xz-gpl-tools 5.6.4 hbcc6ac9_0
  - xz-tools 5.6.4 hb9d3cd8_0
  license: 0BSD AND LGPL-2.1-or-later AND GPL-2.0-or-later
  size: 23477
  timestamp: 1738525395307
- conda: https://conda.anaconda.org/conda-forge/linux-64/xz-gpl-tools-5.6.4-hbcc6ac9_0.conda
  sha256: 300fc4e5993a36c979e61b1a38d00f0c23c0c56d5989be537cbc7bd8658254ed
  md5: 246840b451f7a66bd68869e56b066dd5
  depends:
  - __glibc >=2.17,<3.0.a0
  - libgcc >=13
  - liblzma 5.6.4 hb9d3cd8_0
  license: 0BSD AND LGPL-2.1-or-later AND GPL-2.0-or-later
  size: 33285
  timestamp: 1738525381548
- conda: https://conda.anaconda.org/conda-forge/linux-64/xz-tools-5.6.4-hb9d3cd8_0.conda
  sha256: 57506a312d8cfbee98217fb382822bd49794ea6318dd4e0413a0d588dc6f4f69
  md5: a098f9f949af52610fdceb8e35b57513
  depends:
  - __glibc >=2.17,<3.0.a0
  - libgcc >=13
  - liblzma 5.6.4 hb9d3cd8_0
  license: 0BSD AND LGPL-2.1-or-later
  size: 89735
  timestamp: 1738525367692
- conda: https://conda.anaconda.org/conda-forge/linux-64/zlib-1.2.13-h4ab18f5_6.conda
  sha256: 534824ea44939f3e59ca8ebb95e3ece6f50f9d2a0e69999fbc692311252ed6ac
  md5: 559d338a4234c2ad6e676f460a093e67
  depends:
  - libgcc-ng >=12
  - libzlib 1.2.13 h4ab18f5_6
  license: Zlib
  license_family: Other
  size: 92883
  timestamp: 1716874088980
- conda: https://conda.anaconda.org/conda-forge/linux-64/zstd-1.5.6-ha6fb4c9_0.conda
  sha256: c558b9cc01d9c1444031bd1ce4b9cff86f9085765f17627a6cd85fc623c8a02b
  md5: 4d056880988120e29d75bfff282e0f45
  depends:
  - libgcc-ng >=12
  - libstdcxx-ng >=12
  - libzlib >=1.2.13,<2.0.0a0
  license: BSD-3-Clause
  license_family: BSD
  size: 554846
  timestamp: 1714722996770
- conda: https://conda.anaconda.org/conda-forge/osx-arm64/zstd-1.5.6-hb46c0d2_0.conda
  sha256: 2d4fd1ff7ee79cd954ca8e81abf11d9d49954dd1fef80f27289e2402ae9c2e09
  md5: d96942c06c3e84bfcc5efb038724a7fd
  depends:
  - __osx >=11.0
  - libzlib >=1.2.13,<2.0.0a0
  license: BSD-3-Clause
  license_family: BSD
  size: 405089
  timestamp: 1714723101397
